
Microsoft Visual Studio Solution File, Format Version 12.00
# Visual Studio 15
VisualStudioVersion = 15.0.27130.2027
MinimumVisualStudioVersion = 10.0.40219.1
Project("{FAE04EC0-301F-11D3-BF4B-00C04F79EFBC}") = "MediaPlayer2", "MediaPlayer2\MediaPlayer2.csproj", "{854B208A-67C0-43A7-A072-F4EC08671114}"
EndProject
Project("{FAE04EC0-301F-11D3-BF4B-00C04F79EFBC}") = "MediaPlayer3", "MediaPlayer3\MediaPlayer3.csproj", "{F3797B09-323B-4178-89EB-15266A672D8F}"
EndProject
Project("{FAE04EC0-301F-11D3-BF4B-00C04F79EFBC}") = "MediaPlayer4", "MediaPlayer4\MediaPlayer4.csproj", "{2540FE34-6675-4E16-85B8-F7B6BEA68A95}"
EndProject
Project("{FAE04EC0-301F-11D3-BF4B-00C04F79EFBC}") = "MediaPlayer0", "MediaPlayer0\MediaPlayer0.csproj", "{E60119FC-4868-48AA-BDA2-00B404EECBA7}"
EndProject
Project("{FAE04EC0-301F-11D3-BF4B-00C04F79EFBC}") = "MediaPlayer1", "MediaPlayer1\MediaPlayer1.csproj", "{830FD567-7F25-4672-AC42-734815103161}"
EndProject
Project("{FAE04EC0-301F-11D3-BF4B-00C04F79EFBC}") = "MPTest", "MPTest\MPTest\MPTest.csproj", "{17296DA8-D079-4FB0-9FF5-70895D924FAE}"
EndProject
Project("{FAE04EC0-301F-11D3-BF4B-00C04F79EFBC}") = "MPTest2", "MPTest\MPTest2\MPTest2.csproj", "{3AE8949D-5D5D-4CD6-A57E-1B701438032A}"
EndProject
Project("{FAE04EC0-301F-11D3-BF4B-00C04F79EFBC}") = "MediaInfo", "MediaInfo\MediaInfo.csproj", "{60855C64-00C7-4EFF-9CA8-1F43C680FD5E}"
EndProject
Project("{FAE04EC0-301F-11D3-BF4B-00C04F79EFBC}") = "MediaPlayer5", "MediaPlayer5\MediaPlayer5.csproj", "{9D146926-73AF-4542-873E-4FB2068EE1AD}"
EndProject
Project("{FAE04EC0-301F-11D3-BF4B-00C04F79EFBC}") = "XMLTest", "XMLTest\XMLTest.csproj", "{4A48DD95-769D-4AE5-8C19-41A93DE64EC2}"
EndProject
Project("{FAE04EC0-301F-11D3-BF4B-00C04F79EFBC}") = "FXStyle", "FXStyle\FXStyle.csproj", "{30A91768-5ACE-438E-8E7A-0C8B274BE998}"
EndProject
Project("{FAE04EC0-301F-11D3-BF4B-00C04F79EFBC}") = "FXTests", "FXTests\FXTests.csproj", "{7A8E42D8-6EA1-44BF-9064-BE87B4C55FD5}"
EndProject
Project("{FAE04EC0-301F-11D3-BF4B-00C04F79EFBC}") = "FXEffects", "FXEffects\FXEffects.csproj", "{0EB7999F-2AFD-4711-8F9B-96B9E781B62F}"
EndProject
Global
	GlobalSection(SolutionConfigurationPlatforms) = preSolution
		Debug|Any CPU = Debug|Any CPU
		Debug|ARM = Debug|ARM
		Debug|x64 = Debug|x64
		Debug|x86 = Debug|x86
		Release|Any CPU = Release|Any CPU
		Release|ARM = Release|ARM
		Release|x64 = Release|x64
		Release|x86 = Release|x86
	EndGlobalSection
	GlobalSection(ProjectConfigurationPlatforms) = postSolution
		{854B208A-67C0-43A7-A072-F4EC08671114}.Debug|Any CPU.ActiveCfg = Debug|Any CPU
		{854B208A-67C0-43A7-A072-F4EC08671114}.Debug|Any CPU.Build.0 = Debug|Any CPU
		{854B208A-67C0-43A7-A072-F4EC08671114}.Debug|ARM.ActiveCfg = Debug|Any CPU
		{854B208A-67C0-43A7-A072-F4EC08671114}.Debug|ARM.Build.0 = Debug|Any CPU
		{854B208A-67C0-43A7-A072-F4EC08671114}.Debug|x64.ActiveCfg = Debug|Any CPU
		{854B208A-67C0-43A7-A072-F4EC08671114}.Debug|x64.Build.0 = Debug|Any CPU
		{854B208A-67C0-43A7-A072-F4EC08671114}.Debug|x86.ActiveCfg = Debug|Any CPU
		{854B208A-67C0-43A7-A072-F4EC08671114}.Debug|x86.Build.0 = Debug|Any CPU
		{854B208A-67C0-43A7-A072-F4EC08671114}.Release|Any CPU.ActiveCfg = Release|Any CPU
		{854B208A-67C0-43A7-A072-F4EC08671114}.Release|Any CPU.Build.0 = Release|Any CPU
		{854B208A-67C0-43A7-A072-F4EC08671114}.Release|ARM.ActiveCfg = Release|Any CPU
		{854B208A-67C0-43A7-A072-F4EC08671114}.Release|ARM.Build.0 = Release|Any CPU
		{854B208A-67C0-43A7-A072-F4EC08671114}.Release|x64.ActiveCfg = Release|Any CPU
		{854B208A-67C0-43A7-A072-F4EC08671114}.Release|x64.Build.0 = Release|Any CPU
		{854B208A-67C0-43A7-A072-F4EC08671114}.Release|x86.ActiveCfg = Release|Any CPU
		{854B208A-67C0-43A7-A072-F4EC08671114}.Release|x86.Build.0 = Release|Any CPU
		{F3797B09-323B-4178-89EB-15266A672D8F}.Debug|Any CPU.ActiveCfg = Debug|Any CPU
		{F3797B09-323B-4178-89EB-15266A672D8F}.Debug|Any CPU.Build.0 = Debug|Any CPU
		{F3797B09-323B-4178-89EB-15266A672D8F}.Debug|ARM.ActiveCfg = Debug|Any CPU
		{F3797B09-323B-4178-89EB-15266A672D8F}.Debug|ARM.Build.0 = Debug|Any CPU
		{F3797B09-323B-4178-89EB-15266A672D8F}.Debug|x64.ActiveCfg = Debug|Any CPU
		{F3797B09-323B-4178-89EB-15266A672D8F}.Debug|x64.Build.0 = Debug|Any CPU
		{F3797B09-323B-4178-89EB-15266A672D8F}.Debug|x86.ActiveCfg = Debug|Any CPU
		{F3797B09-323B-4178-89EB-15266A672D8F}.Debug|x86.Build.0 = Debug|Any CPU
		{F3797B09-323B-4178-89EB-15266A672D8F}.Release|Any CPU.ActiveCfg = Release|Any CPU
		{F3797B09-323B-4178-89EB-15266A672D8F}.Release|Any CPU.Build.0 = Release|Any CPU
		{F3797B09-323B-4178-89EB-15266A672D8F}.Release|ARM.ActiveCfg = Release|Any CPU
		{F3797B09-323B-4178-89EB-15266A672D8F}.Release|ARM.Build.0 = Release|Any CPU
		{F3797B09-323B-4178-89EB-15266A672D8F}.Release|x64.ActiveCfg = Release|Any CPU
		{F3797B09-323B-4178-89EB-15266A672D8F}.Release|x64.Build.0 = Release|Any CPU
		{F3797B09-323B-4178-89EB-15266A672D8F}.Release|x86.ActiveCfg = Release|Any CPU
		{F3797B09-323B-4178-89EB-15266A672D8F}.Release|x86.Build.0 = Release|Any CPU
		{2540FE34-6675-4E16-85B8-F7B6BEA68A95}.Debug|Any CPU.ActiveCfg = Debug|Any CPU
		{2540FE34-6675-4E16-85B8-F7B6BEA68A95}.Debug|Any CPU.Build.0 = Debug|Any CPU
		{2540FE34-6675-4E16-85B8-F7B6BEA68A95}.Debug|ARM.ActiveCfg = Debug|Any CPU
		{2540FE34-6675-4E16-85B8-F7B6BEA68A95}.Debug|ARM.Build.0 = Debug|Any CPU
		{2540FE34-6675-4E16-85B8-F7B6BEA68A95}.Debug|x64.ActiveCfg = Debug|Any CPU
		{2540FE34-6675-4E16-85B8-F7B6BEA68A95}.Debug|x64.Build.0 = Debug|Any CPU
		{2540FE34-6675-4E16-85B8-F7B6BEA68A95}.Debug|x86.ActiveCfg = Debug|Any CPU
		{2540FE34-6675-4E16-85B8-F7B6BEA68A95}.Debug|x86.Build.0 = Debug|Any CPU
		{2540FE34-6675-4E16-85B8-F7B6BEA68A95}.Release|Any CPU.ActiveCfg = Release|Any CPU
		{2540FE34-6675-4E16-85B8-F7B6BEA68A95}.Release|Any CPU.Build.0 = Release|Any CPU
		{2540FE34-6675-4E16-85B8-F7B6BEA68A95}.Release|ARM.ActiveCfg = Release|Any CPU
		{2540FE34-6675-4E16-85B8-F7B6BEA68A95}.Release|ARM.Build.0 = Release|Any CPU
		{2540FE34-6675-4E16-85B8-F7B6BEA68A95}.Release|x64.ActiveCfg = Release|Any CPU
		{2540FE34-6675-4E16-85B8-F7B6BEA68A95}.Release|x64.Build.0 = Release|Any CPU
		{2540FE34-6675-4E16-85B8-F7B6BEA68A95}.Release|x86.ActiveCfg = Release|Any CPU
		{2540FE34-6675-4E16-85B8-F7B6BEA68A95}.Release|x86.Build.0 = Release|Any CPU
		{E60119FC-4868-48AA-BDA2-00B404EECBA7}.Debug|Any CPU.ActiveCfg = Debug|Any CPU
		{E60119FC-4868-48AA-BDA2-00B404EECBA7}.Debug|Any CPU.Build.0 = Debug|Any CPU
		{E60119FC-4868-48AA-BDA2-00B404EECBA7}.Debug|ARM.ActiveCfg = Debug|Any CPU
		{E60119FC-4868-48AA-BDA2-00B404EECBA7}.Debug|ARM.Build.0 = Debug|Any CPU
		{E60119FC-4868-48AA-BDA2-00B404EECBA7}.Debug|x64.ActiveCfg = Debug|Any CPU
		{E60119FC-4868-48AA-BDA2-00B404EECBA7}.Debug|x64.Build.0 = Debug|Any CPU
		{E60119FC-4868-48AA-BDA2-00B404EECBA7}.Debug|x86.ActiveCfg = Debug|Any CPU
		{E60119FC-4868-48AA-BDA2-00B404EECBA7}.Debug|x86.Build.0 = Debug|Any CPU
		{E60119FC-4868-48AA-BDA2-00B404EECBA7}.Release|Any CPU.ActiveCfg = Release|Any CPU
		{E60119FC-4868-48AA-BDA2-00B404EECBA7}.Release|Any CPU.Build.0 = Release|Any CPU
		{E60119FC-4868-48AA-BDA2-00B404EECBA7}.Release|ARM.ActiveCfg = Release|Any CPU
		{E60119FC-4868-48AA-BDA2-00B404EECBA7}.Release|ARM.Build.0 = Release|Any CPU
		{E60119FC-4868-48AA-BDA2-00B404EECBA7}.Release|x64.ActiveCfg = Release|Any CPU
		{E60119FC-4868-48AA-BDA2-00B404EECBA7}.Release|x64.Build.0 = Release|Any CPU
		{E60119FC-4868-48AA-BDA2-00B404EECBA7}.Release|x86.ActiveCfg = Release|Any CPU
		{E60119FC-4868-48AA-BDA2-00B404EECBA7}.Release|x86.Build.0 = Release|Any CPU
		{830FD567-7F25-4672-AC42-734815103161}.Debug|Any CPU.ActiveCfg = Debug|Any CPU
		{830FD567-7F25-4672-AC42-734815103161}.Debug|Any CPU.Build.0 = Debug|Any CPU
		{830FD567-7F25-4672-AC42-734815103161}.Debug|ARM.ActiveCfg = Debug|Any CPU
		{830FD567-7F25-4672-AC42-734815103161}.Debug|ARM.Build.0 = Debug|Any CPU
		{830FD567-7F25-4672-AC42-734815103161}.Debug|x64.ActiveCfg = Debug|Any CPU
		{830FD567-7F25-4672-AC42-734815103161}.Debug|x64.Build.0 = Debug|Any CPU
		{830FD567-7F25-4672-AC42-734815103161}.Debug|x86.ActiveCfg = Debug|Any CPU
		{830FD567-7F25-4672-AC42-734815103161}.Debug|x86.Build.0 = Debug|Any CPU
		{830FD567-7F25-4672-AC42-734815103161}.Release|Any CPU.ActiveCfg = Release|Any CPU
		{830FD567-7F25-4672-AC42-734815103161}.Release|Any CPU.Build.0 = Release|Any CPU
		{830FD567-7F25-4672-AC42-734815103161}.Release|ARM.ActiveCfg = Release|Any CPU
		{830FD567-7F25-4672-AC42-734815103161}.Release|ARM.Build.0 = Release|Any CPU
		{830FD567-7F25-4672-AC42-734815103161}.Release|x64.ActiveCfg = Release|Any CPU
		{830FD567-7F25-4672-AC42-734815103161}.Release|x64.Build.0 = Release|Any CPU
		{830FD567-7F25-4672-AC42-734815103161}.Release|x86.ActiveCfg = Release|Any CPU
		{830FD567-7F25-4672-AC42-734815103161}.Release|x86.Build.0 = Release|Any CPU
		{17296DA8-D079-4FB0-9FF5-70895D924FAE}.Debug|Any CPU.ActiveCfg = Debug|Any CPU
		{17296DA8-D079-4FB0-9FF5-70895D924FAE}.Debug|Any CPU.Build.0 = Debug|Any CPU
		{17296DA8-D079-4FB0-9FF5-70895D924FAE}.Debug|ARM.ActiveCfg = Debug|Any CPU
		{17296DA8-D079-4FB0-9FF5-70895D924FAE}.Debug|ARM.Build.0 = Debug|Any CPU
		{17296DA8-D079-4FB0-9FF5-70895D924FAE}.Debug|x64.ActiveCfg = Debug|Any CPU
		{17296DA8-D079-4FB0-9FF5-70895D924FAE}.Debug|x64.Build.0 = Debug|Any CPU
		{17296DA8-D079-4FB0-9FF5-70895D924FAE}.Debug|x86.ActiveCfg = Debug|Any CPU
		{17296DA8-D079-4FB0-9FF5-70895D924FAE}.Debug|x86.Build.0 = Debug|Any CPU
		{17296DA8-D079-4FB0-9FF5-70895D924FAE}.Release|Any CPU.ActiveCfg = Release|Any CPU
		{17296DA8-D079-4FB0-9FF5-70895D924FAE}.Release|Any CPU.Build.0 = Release|Any CPU
		{17296DA8-D079-4FB0-9FF5-70895D924FAE}.Release|ARM.ActiveCfg = Release|Any CPU
		{17296DA8-D079-4FB0-9FF5-70895D924FAE}.Release|ARM.Build.0 = Release|Any CPU
		{17296DA8-D079-4FB0-9FF5-70895D924FAE}.Release|x64.ActiveCfg = Release|Any CPU
		{17296DA8-D079-4FB0-9FF5-70895D924FAE}.Release|x64.Build.0 = Release|Any CPU
		{17296DA8-D079-4FB0-9FF5-70895D924FAE}.Release|x86.ActiveCfg = Release|Any CPU
		{17296DA8-D079-4FB0-9FF5-70895D924FAE}.Release|x86.Build.0 = Release|Any CPU
		{3AE8949D-5D5D-4CD6-A57E-1B701438032A}.Debug|Any CPU.ActiveCfg = Debug|Any CPU
		{3AE8949D-5D5D-4CD6-A57E-1B701438032A}.Debug|Any CPU.Build.0 = Debug|Any CPU
		{3AE8949D-5D5D-4CD6-A57E-1B701438032A}.Debug|ARM.ActiveCfg = Debug|Any CPU
		{3AE8949D-5D5D-4CD6-A57E-1B701438032A}.Debug|ARM.Build.0 = Debug|Any CPU
		{3AE8949D-5D5D-4CD6-A57E-1B701438032A}.Debug|x64.ActiveCfg = Debug|Any CPU
		{3AE8949D-5D5D-4CD6-A57E-1B701438032A}.Debug|x64.Build.0 = Debug|Any CPU
		{3AE8949D-5D5D-4CD6-A57E-1B701438032A}.Debug|x86.ActiveCfg = Debug|Any CPU
		{3AE8949D-5D5D-4CD6-A57E-1B701438032A}.Debug|x86.Build.0 = Debug|Any CPU
		{3AE8949D-5D5D-4CD6-A57E-1B701438032A}.Release|Any CPU.ActiveCfg = Release|Any CPU
		{3AE8949D-5D5D-4CD6-A57E-1B701438032A}.Release|Any CPU.Build.0 = Release|Any CPU
		{3AE8949D-5D5D-4CD6-A57E-1B701438032A}.Release|ARM.ActiveCfg = Release|Any CPU
		{3AE8949D-5D5D-4CD6-A57E-1B701438032A}.Release|ARM.Build.0 = Release|Any CPU
		{3AE8949D-5D5D-4CD6-A57E-1B701438032A}.Release|x64.ActiveCfg = Release|Any CPU
		{3AE8949D-5D5D-4CD6-A57E-1B701438032A}.Release|x64.Build.0 = Release|Any CPU
		{3AE8949D-5D5D-4CD6-A57E-1B701438032A}.Release|x86.ActiveCfg = Release|Any CPU
		{3AE8949D-5D5D-4CD6-A57E-1B701438032A}.Release|x86.Build.0 = Release|Any CPU
		{60855C64-00C7-4EFF-9CA8-1F43C680FD5E}.Debug|Any CPU.ActiveCfg = Debug|Any CPU
		{60855C64-00C7-4EFF-9CA8-1F43C680FD5E}.Debug|Any CPU.Build.0 = Debug|Any CPU
		{60855C64-00C7-4EFF-9CA8-1F43C680FD5E}.Debug|ARM.ActiveCfg = Debug|Any CPU
		{60855C64-00C7-4EFF-9CA8-1F43C680FD5E}.Debug|ARM.Build.0 = Debug|Any CPU
		{60855C64-00C7-4EFF-9CA8-1F43C680FD5E}.Debug|x64.ActiveCfg = Debug|Any CPU
		{60855C64-00C7-4EFF-9CA8-1F43C680FD5E}.Debug|x64.Build.0 = Debug|Any CPU
		{60855C64-00C7-4EFF-9CA8-1F43C680FD5E}.Debug|x86.ActiveCfg = Debug|Any CPU
		{60855C64-00C7-4EFF-9CA8-1F43C680FD5E}.Debug|x86.Build.0 = Debug|Any CPU
		{60855C64-00C7-4EFF-9CA8-1F43C680FD5E}.Release|Any CPU.ActiveCfg = Release|Any CPU
		{60855C64-00C7-4EFF-9CA8-1F43C680FD5E}.Release|Any CPU.Build.0 = Release|Any CPU
		{60855C64-00C7-4EFF-9CA8-1F43C680FD5E}.Release|ARM.ActiveCfg = Release|Any CPU
		{60855C64-00C7-4EFF-9CA8-1F43C680FD5E}.Release|ARM.Build.0 = Release|Any CPU
		{60855C64-00C7-4EFF-9CA8-1F43C680FD5E}.Release|x64.ActiveCfg = Release|Any CPU
		{60855C64-00C7-4EFF-9CA8-1F43C680FD5E}.Release|x64.Build.0 = Release|Any CPU
		{60855C64-00C7-4EFF-9CA8-1F43C680FD5E}.Release|x86.ActiveCfg = Release|Any CPU
		{60855C64-00C7-4EFF-9CA8-1F43C680FD5E}.Release|x86.Build.0 = Release|Any CPU
		{9D146926-73AF-4542-873E-4FB2068EE1AD}.Debug|Any CPU.ActiveCfg = Debug|Any CPU
		{9D146926-73AF-4542-873E-4FB2068EE1AD}.Debug|Any CPU.Build.0 = Debug|Any CPU
		{9D146926-73AF-4542-873E-4FB2068EE1AD}.Debug|ARM.ActiveCfg = Debug|Any CPU
		{9D146926-73AF-4542-873E-4FB2068EE1AD}.Debug|ARM.Build.0 = Debug|Any CPU
		{9D146926-73AF-4542-873E-4FB2068EE1AD}.Debug|x64.ActiveCfg = Debug|Any CPU
		{9D146926-73AF-4542-873E-4FB2068EE1AD}.Debug|x64.Build.0 = Debug|Any CPU
		{9D146926-73AF-4542-873E-4FB2068EE1AD}.Debug|x86.ActiveCfg = Debug|Any CPU
		{9D146926-73AF-4542-873E-4FB2068EE1AD}.Debug|x86.Build.0 = Debug|Any CPU
		{9D146926-73AF-4542-873E-4FB2068EE1AD}.Release|Any CPU.ActiveCfg = Release|Any CPU
		{9D146926-73AF-4542-873E-4FB2068EE1AD}.Release|Any CPU.Build.0 = Release|Any CPU
		{9D146926-73AF-4542-873E-4FB2068EE1AD}.Release|ARM.ActiveCfg = Release|Any CPU
		{9D146926-73AF-4542-873E-4FB2068EE1AD}.Release|ARM.Build.0 = Release|Any CPU
		{9D146926-73AF-4542-873E-4FB2068EE1AD}.Release|x64.ActiveCfg = Release|Any CPU
		{9D146926-73AF-4542-873E-4FB2068EE1AD}.Release|x64.Build.0 = Release|Any CPU
		{9D146926-73AF-4542-873E-4FB2068EE1AD}.Release|x86.ActiveCfg = Release|Any CPU
		{9D146926-73AF-4542-873E-4FB2068EE1AD}.Release|x86.Build.0 = Release|Any CPU
		{4A48DD95-769D-4AE5-8C19-41A93DE64EC2}.Debug|Any CPU.ActiveCfg = Debug|Any CPU
		{4A48DD95-769D-4AE5-8C19-41A93DE64EC2}.Debug|Any CPU.Build.0 = Debug|Any CPU
		{4A48DD95-769D-4AE5-8C19-41A93DE64EC2}.Debug|ARM.ActiveCfg = Debug|Any CPU
		{4A48DD95-769D-4AE5-8C19-41A93DE64EC2}.Debug|ARM.Build.0 = Debug|Any CPU
		{4A48DD95-769D-4AE5-8C19-41A93DE64EC2}.Debug|x64.ActiveCfg = Debug|Any CPU
		{4A48DD95-769D-4AE5-8C19-41A93DE64EC2}.Debug|x64.Build.0 = Debug|Any CPU
		{4A48DD95-769D-4AE5-8C19-41A93DE64EC2}.Debug|x86.ActiveCfg = Debug|Any CPU
		{4A48DD95-769D-4AE5-8C19-41A93DE64EC2}.Debug|x86.Build.0 = Debug|Any CPU
		{4A48DD95-769D-4AE5-8C19-41A93DE64EC2}.Release|Any CPU.ActiveCfg = Release|Any CPU
		{4A48DD95-769D-4AE5-8C19-41A93DE64EC2}.Release|Any CPU.Build.0 = Release|Any CPU
		{4A48DD95-769D-4AE5-8C19-41A93DE64EC2}.Release|ARM.ActiveCfg = Release|Any CPU
		{4A48DD95-769D-4AE5-8C19-41A93DE64EC2}.Release|ARM.Build.0 = Release|Any CPU
		{4A48DD95-769D-4AE5-8C19-41A93DE64EC2}.Release|x64.ActiveCfg = Release|Any CPU
		{4A48DD95-769D-4AE5-8C19-41A93DE64EC2}.Release|x64.Build.0 = Release|Any CPU
		{4A48DD95-769D-4AE5-8C19-41A93DE64EC2}.Release|x86.ActiveCfg = Release|Any CPU
		{4A48DD95-769D-4AE5-8C19-41A93DE64EC2}.Release|x86.Build.0 = Release|Any CPU
		{30A91768-5ACE-438E-8E7A-0C8B274BE998}.Debug|Any CPU.ActiveCfg = Debug|Any CPU
		{30A91768-5ACE-438E-8E7A-0C8B274BE998}.Debug|Any CPU.Build.0 = Debug|Any CPU
		{30A91768-5ACE-438E-8E7A-0C8B274BE998}.Debug|ARM.ActiveCfg = Debug|Any CPU
		{30A91768-5ACE-438E-8E7A-0C8B274BE998}.Debug|ARM.Build.0 = Debug|Any CPU
		{30A91768-5ACE-438E-8E7A-0C8B274BE998}.Debug|x64.ActiveCfg = Debug|Any CPU
		{30A91768-5ACE-438E-8E7A-0C8B274BE998}.Debug|x64.Build.0 = Debug|Any CPU
		{30A91768-5ACE-438E-8E7A-0C8B274BE998}.Debug|x86.ActiveCfg = Debug|Any CPU
		{30A91768-5ACE-438E-8E7A-0C8B274BE998}.Debug|x86.Build.0 = Debug|Any CPU
		{30A91768-5ACE-438E-8E7A-0C8B274BE998}.Release|Any CPU.ActiveCfg = Release|Any CPU
		{30A91768-5ACE-438E-8E7A-0C8B274BE998}.Release|Any CPU.Build.0 = Release|Any CPU
		{30A91768-5ACE-438E-8E7A-0C8B274BE998}.Release|ARM.ActiveCfg = Release|Any CPU
		{30A91768-5ACE-438E-8E7A-0C8B274BE998}.Release|ARM.Build.0 = Release|Any CPU
		{30A91768-5ACE-438E-8E7A-0C8B274BE998}.Release|x64.ActiveCfg = Release|Any CPU
		{30A91768-5ACE-438E-8E7A-0C8B274BE998}.Release|x64.Build.0 = Release|Any CPU
		{30A91768-5ACE-438E-8E7A-0C8B274BE998}.Release|x86.ActiveCfg = Release|Any CPU
		{30A91768-5ACE-438E-8E7A-0C8B274BE998}.Release|x86.Build.0 = Release|Any CPU
		{7A8E42D8-6EA1-44BF-9064-BE87B4C55FD5}.Debug|Any CPU.ActiveCfg = Debug|Any CPU
		{7A8E42D8-6EA1-44BF-9064-BE87B4C55FD5}.Debug|Any CPU.Build.0 = Debug|Any CPU
		{7A8E42D8-6EA1-44BF-9064-BE87B4C55FD5}.Debug|ARM.ActiveCfg = Debug|Any CPU
		{7A8E42D8-6EA1-44BF-9064-BE87B4C55FD5}.Debug|ARM.Build.0 = Debug|Any CPU
		{7A8E42D8-6EA1-44BF-9064-BE87B4C55FD5}.Debug|x64.ActiveCfg = Debug|Any CPU
		{7A8E42D8-6EA1-44BF-9064-BE87B4C55FD5}.Debug|x64.Build.0 = Debug|Any CPU
		{7A8E42D8-6EA1-44BF-9064-BE87B4C55FD5}.Debug|x86.ActiveCfg = Debug|Any CPU
		{7A8E42D8-6EA1-44BF-9064-BE87B4C55FD5}.Debug|x86.Build.0 = Debug|Any CPU
		{7A8E42D8-6EA1-44BF-9064-BE87B4C55FD5}.Release|Any CPU.ActiveCfg = Release|Any CPU
		{7A8E42D8-6EA1-44BF-9064-BE87B4C55FD5}.Release|Any CPU.Build.0 = Release|Any CPU
		{7A8E42D8-6EA1-44BF-9064-BE87B4C55FD5}.Release|ARM.ActiveCfg = Release|Any CPU
		{7A8E42D8-6EA1-44BF-9064-BE87B4C55FD5}.Release|ARM.Build.0 = Release|Any CPU
		{7A8E42D8-6EA1-44BF-9064-BE87B4C55FD5}.Release|x64.ActiveCfg = Release|Any CPU
		{7A8E42D8-6EA1-44BF-9064-BE87B4C55FD5}.Release|x64.Build.0 = Release|Any CPU
		{7A8E42D8-6EA1-44BF-9064-BE87B4C55FD5}.Release|x86.ActiveCfg = Release|Any CPU
		{7A8E42D8-6EA1-44BF-9064-BE87B4C55FD5}.Release|x86.Build.0 = Release|Any CPU
		{0EB7999F-2AFD-4711-8F9B-96B9E781B62F}.Debug|Any CPU.ActiveCfg = Debug|Any CPU
		{0EB7999F-2AFD-4711-8F9B-96B9E781B62F}.Debug|Any CPU.Build.0 = Debug|Any CPU
		{0EB7999F-2AFD-4711-8F9B-96B9E781B62F}.Debug|ARM.ActiveCfg = Debug|Any CPU
		{0EB7999F-2AFD-4711-8F9B-96B9E781B62F}.Debug|ARM.Build.0 = Debug|Any CPU
		{0EB7999F-2AFD-4711-8F9B-96B9E781B62F}.Debug|x64.ActiveCfg = Debug|Any CPU
		{0EB7999F-2AFD-4711-8F9B-96B9E781B62F}.Debug|x64.Build.0 = Debug|Any CPU
		{0EB7999F-2AFD-4711-8F9B-96B9E781B62F}.Debug|x86.ActiveCfg = Debug|Any CPU
		{0EB7999F-2AFD-4711-8F9B-96B9E781B62F}.Debug|x86.Build.0 = Debug|Any CPU
		{0EB7999F-2AFD-4711-8F9B-96B9E781B62F}.Release|Any CPU.ActiveCfg = Release|Any CPU
		{0EB7999F-2AFD-4711-8F9B-96B9E781B62F}.Release|Any CPU.Build.0 = Release|Any CPU
		{0EB7999F-2AFD-4711-8F9B-96B9E781B62F}.Release|ARM.ActiveCfg = Release|Any CPU
		{0EB7999F-2AFD-4711-8F9B-96B9E781B62F}.Release|ARM.Build.0 = Release|Any CPU
		{0EB7999F-2AFD-4711-8F9B-96B9E781B62F}.Release|x64.ActiveCfg = Release|Any CPU
		{0EB7999F-2AFD-4711-8F9B-96B9E781B62F}.Release|x64.Build.0 = Release|Any CPU
		{0EB7999F-2AFD-4711-8F9B-96B9E781B62F}.Release|x86.ActiveCfg = Release|Any CPU
		{0EB7999F-2AFD-4711-8F9B-96B9E781B62F}.Release|x86.Build.0 = Release|Any CPU
	EndGlobalSection
	GlobalSection(SolutionProperties) = preSolution
		HideSolutionNode = FALSE
	EndGlobalSection
	GlobalSection(ExtensibilityGlobals) = postSolution
		SolutionGuid = {0C4F3DB1-1552-4253-9DFB-34C9B5A710D8}
	EndGlobalSection
EndGlobal
