
Microsoft Visual Studio Solution File, Format Version 12.00
# Visual Studio 15
VisualStudioVersion = 15.0.28307.572
MinimumVisualStudioVersion = 10.0.40219.1
Project("{FAE04EC0-301F-11D3-BF4B-00C04F79EFBC}") = "WPF_MediaPlayer", "WPF_MediaPlayer\WPF_MediaPlayer.csproj", "{196077AB-73CB-4346-A649-CCCFAB9207D1}"
EndProject
Global
	GlobalSection(SolutionConfigurationPlatforms) = preSolution
		Debug|Any CPU = Debug|Any CPU
		Release|Any CPU = Release|Any CPU
	EndGlobalSection
	GlobalSection(ProjectConfigurationPlatforms) = postSolution
		{196077AB-73CB-4346-A649-CCCFAB9207D1}.Debug|Any CPU.ActiveCfg = Debug|Any CPU
		{196077AB-73CB-4346-A649-CCCFAB9207D1}.Debug|Any CPU.Build.0 = Debug|Any CPU
		{196077AB-73CB-4346-A649-CCCFAB9207D1}.Release|Any CPU.ActiveCfg = Release|Any CPU
		{196077AB-73CB-4346-A649-CCCFAB9207D1}.Release|Any CPU.Build.0 = Release|Any CPU
	EndGlobalSection
	GlobalSection(SolutionProperties) = preSolution
		HideSolutionNode = FALSE
	EndGlobalSection
	GlobalSection(ExtensibilityGlobals) = postSolution
		SolutionGuid = {6419707E-E5F3-4AC1-85F6-8B0C9C91363E}
	EndGlobalSection
EndGlobal
